<?xml version="1.0" encoding="utf-8"?>
<Project ToolsVersion="4.0" xmlns="http://schemas.microsoft.com/developer/msbuild/2003">
  <ItemGroup>
    <ClCompile Include="CheatUwU.cpp" />
    <ClCompile Include="Headers\usermode.cpp">
      <Filter>Headers</Filter>
    </ClCompile>
    <ClCompile Include="Framework\InputUtil.cpp">
      <Filter>Framework</Filter>
    </ClCompile>
    <ClCompile Include="Framework\Hotkey.cpp">
      <Filter>Framework</Filter>
    </ClCompile>
    <ClCompile Include="Framework\imgui.cpp">
      <Filter>Framework</Filter>
    </ClCompile>
    <ClCompile Include="Framework\imgui_demo.cpp">
      <Filter>Framework</Filter>
    </ClCompile>
    <ClCompile Include="Framework\imgui_draw.cpp">
      <Filter>Framework</Filter>
    </ClCompile>
    <ClCompile Include="Framework\imgui_impl_dx11.cpp">
      <Filter>Framework</Filter>
    </ClCompile>
    <ClCompile Include="Framework\imgui_impl_win32.cpp">
      <Filter>Framework</Filter>
    </ClCompile>
    <ClCompile Include="Framework\imgui_tables.cpp">
      <Filter>Framework</Filter>
    </ClCompile>
    <ClCompile Include="Framework\imgui_widgets.cpp">
      <Filter>Framework</Filter>
    </ClCompile>
  </ItemGroup>
  <ItemGroup>
    <ClInclude Include="Headers\include.h">
      <Filter>Headers</Filter>
    </ClInclude>
    <ClInclude Include="Headers\usermode.h">
      <Filter>Headers</Filter>
    </ClInclude>
    <ClInclude Include="Headers\encrypt.h">
      <Filter>Headers</Filter>
    </ClInclude>
    <ClInclude Include="Data\calculate_data.h">
      <Filter>Data</Filter>
    </ClInclude>
    <ClInclude Include="Data\basic_data.h">
      <Filter>Data</Filter>
    </ClInclude>
    <ClInclude Include="Data\get_game_data.h">
      <Filter>Data</Filter>
    </ClInclude>
    <ClInclude Include="Headers\overlay.h">
      <Filter>Headers</Filter>
    </ClInclude>
    <ClInclude Include="Headers\aimbot.h">
      <Filter>Headers</Filter>
    </ClInclude>
    <ClInclude Include="Headers\LI.h">
      <Filter>Headers</Filter>
    </ClInclude>
    <ClInclude Include="Headers\spoof_funcs.h">
      <Filter>Headers</Filter>
    </ClInclude>
    <ClInclude Include="Headers\font.h">
      <Filter>Headers</Filter>
    </ClInclude>
    <ClInclude Include="Headers\icons.h">
      <Filter>Headers</Filter>
    </ClInclude>
    <ClInclude Include="Headers\stb_image.h">
      <Filter>Headers</Filter>
    </ClInclude>
    <ClInclude Include="Headers\xorstr.h">
      <Filter>Headers</Filter>
    </ClInclude>
    <ClInclude Include="Headers\Protect.h">
      <Filter>Headers</Filter>
    </ClInclude>
    <ClInclude Include="Headers\stackspoof.h">
      <Filter>Headers</Filter>
    </ClInclude>
    <ClInclude Include="Framework\imconfig.h">
      <Filter>Framework</Filter>
    </ClInclude>
    <ClInclude Include="Framework\imgui.h">
      <Filter>Framework</Filter>
    </ClInclude>
    <ClInclude Include="Framework\imgui_impl_dx11.h">
      <Filter>Framework</Filter>
    </ClInclude>
    <ClInclude Include="Framework\imgui_impl_win32.h">
      <Filter>Framework</Filter>
    </ClInclude>
    <ClInclude Include="Framework\imgui_internal.h">
      <Filter>Framework</Filter>
    </ClInclude>
    <ClInclude Include="Framework\imstb_rectpack.h">
      <Filter>Framework</Filter>
    </ClInclude>
    <ClInclude Include="Framework\imstb_textedit.h">
      <Filter>Framework</Filter>
    </ClInclude>
    <ClInclude Include="Framework\imstb_truetype.h">
      <Filter>Framework</Filter>
    </ClInclude>
    <ClInclude Include="Framework\d3d9_x.h">
      <Filter>Framework</Filter>
    </ClInclude>
    <ClInclude Include="Framework\d3dx9.h">
      <Filter>Framework</Filter>
    </ClInclude>
    <ClInclude Include="Framework\d3dx9anim.h">
      <Filter>Framework</Filter>
    </ClInclude>
    <ClInclude Include="Framework\d3dx9core.h">
      <Filter>Framework</Filter>
    </ClInclude>
    <ClInclude Include="Framework\d3dx9effect.h">
      <Filter>Framework</Filter>
    </ClInclude>
    <ClInclude Include="Framework\d3dx9math.h">
      <Filter>Framework</Filter>
    </ClInclude>
    <ClInclude Include="Framework\d3dx9mesh.h">
      <Filter>Framework</Filter>
    </ClInclude>
    <ClInclude Include="Framework\d3dx9shader.h">
      <Filter>Framework</Filter>
    </ClInclude>
    <ClInclude Include="Framework\d3dx9shape.h">
      <Filter>Framework</Filter>
    </ClInclude>
    <ClInclude Include="Framework\d3dx9tex.h">
      <Filter>Framework</Filter>
    </ClInclude>
    <ClInclude Include="Framework\d3dx9xof.h">
      <Filter>Framework</Filter>
    </ClInclude>
  </ItemGroup>
  <ItemGroup>
    <Filter Include="Framework">
      <UniqueIdentifier>{ea271af6-211d-4d02-96cd-615f74dcddc4}</UniqueIdentifier>
    </Filter>
    <Filter Include="Headers">
      <UniqueIdentifier>{508a7dba-bd92-4a7b-abdb-f8ca5159bb47}</UniqueIdentifier>
    </Filter>
    <Filter Include="Data">
      <UniqueIdentifier>{42e73118-465d-411a-a6a9-b9c87850546a}</UniqueIdentifier>
    </Filter>
  </ItemGroup>
  <ItemGroup>
    <Library Include="library_x64.lib">
      <Filter>Headers</Filter>
    </Library>
    <Library Include="Framework\d3dx9.lib">
      <Filter>Framework</Filter>
    </Library>
  </ItemGroup>
  <ItemGroup>
    <None Include="Framework\d3dx9math.inl">
      <Filter>Framework</Filter>
    </None>
  </ItemGroup>
</Project>